# This file was autogenerated by Stack.
# You should not edit this file by hand.
# For more information, please see the documentation at:
#   https://docs.haskellstack.org/en/stable/lock_files

packages:
- completed:
    name: pandoc-utils
    version: 0.3.0
    git: https://github.com/Krasjet/pandoc-utils.git
    pantry-tree:
      size: 770
      sha256: 042e7deb125aaa49fe60381a2ba9027b26733faccf6f1714e6f6834f9308581f
    commit: 17c77b7c352d742820076bdfa9c96deb08faa250
  original:
    git: https://github.com/Krasjet/pandoc-utils.git
    commit: 17c77b7c352d742820076bdfa9c96deb08faa250
- completed:
    name: libkst
    version: 0.1.0
    git: https://github.com/Krasjet/libkst.git
    pantry-tree:
      size: 811
      sha256: 12be6b9297a02c3364a79817eb600aad7bc964197a2e494ad6e853a46a9aaded
    commit: db46ad36f47091281efa06db14c1469236d7274c
  original:
    git: https://github.com/Krasjet/libkst.git
    commit: db46ad36f47091281efa06db14c1469236d7274c
snapshots:
- completed:
    size: 496112
    url: https://raw.githubusercontent.com/commercialhaskell/stackage-snapshots/master/lts/15/13.yaml
    sha256: 75a1a0f870e1876898b117b0e443f911b3fa2985bfabb53158c81ab5765beda5
  original: lts-15.13
