# This file was autogenerated by Stack.
# You should not edit this file by hand.
# For more information, please see the documentation at:
#   https://docs.haskellstack.org/en/stable/lock_files

packages:
- completed:
    hackage: pandoc-utils-0.7.1@sha256:9e945174ff3585103d8af1ea8fc46b3f4d9e4576edd579e950d502d7c1a4d471,2255
    pantry-tree:
      size: 604
      sha256: e14bf21b50fe1f746a24ac19815ab1beee40ee22080d82876012d98b6c9860a4
  original:
    hackage: pandoc-utils-0.7.1
- completed:
    name: libkst
    version: 0.1.0
    git: https://github.com/Krasjet/libkst.git
    pantry-tree:
      size: 1007
      sha256: ec4d66b33bd0da25380a8642c3e031b4f8131ed1554476f7127c86f7814350c0
    commit: 9131716572834722ea164aeef39b591f7168d8ec
  original:
    git: https://github.com/Krasjet/libkst.git
    commit: 9131716572834722ea164aeef39b591f7168d8ec
snapshots:
- completed:
    size: 496112
    url: https://raw.githubusercontent.com/commercialhaskell/stackage-snapshots/master/lts/15/13.yaml
    sha256: 75a1a0f870e1876898b117b0e443f911b3fa2985bfabb53158c81ab5765beda5
  original: lts-15.13
