# This file was autogenerated by Stack.
# You should not edit this file by hand.
# For more information, please see the documentation at:
#   https://docs.haskellstack.org/en/stable/lock_files

packages:
- completed:
    name: pandoc-utils
    version: 0.3.4
    git: https://github.com/Krasjet/pandoc-utils.git
    pantry-tree:
      size: 771
      sha256: 6a1b880b8ffd3b2907b33d035f29f5eed0e3156543e407918781e411f6f3dd9a
    commit: 6ace7bad512414caf703de201712dba0308dd1fe
  original:
    git: https://github.com/Krasjet/pandoc-utils.git
    commit: 6ace7bad512414caf703de201712dba0308dd1fe
- completed:
    name: libkst
    version: 0.1.0
    git: https://github.com/Krasjet/libkst.git
    pantry-tree:
      size: 811
      sha256: 12be6b9297a02c3364a79817eb600aad7bc964197a2e494ad6e853a46a9aaded
    commit: db46ad36f47091281efa06db14c1469236d7274c
  original:
    git: https://github.com/Krasjet/libkst.git
    commit: db46ad36f47091281efa06db14c1469236d7274c
snapshots:
- completed:
    size: 496112
    url: https://raw.githubusercontent.com/commercialhaskell/stackage-snapshots/master/lts/15/13.yaml
    sha256: 75a1a0f870e1876898b117b0e443f911b3fa2985bfabb53158c81ab5765beda5
  original: lts-15.13
